
Microsoft Visual Studio Solution File, Format Version 12.00
# Visual Studio Version 17
VisualStudioVersion = 17.6.33723.286
MinimumVisualStudioVersion = 10.0.40219.1
Project("{FAE04EC0-301F-11D3-BF4B-00C04F79EFBC}") = "Network-Game-Server", "Network-Game\Network-Game-Server.csproj", "{0059774C-3B21-4B27-87B7-F81F1B1904BE}"
EndProject
Project("{FAE04EC0-301F-11D3-BF4B-00C04F79EFBC}") = "Network-Game Client", "Network-Game Client\Network-Game Client.csproj", "{307A6440-A8AB-4163-A77C-DC49FF0A3310}"
EndProject
Global
	GlobalSection(SolutionConfigurationPlatforms) = preSolution
		Debug|Any CPU = Debug|Any CPU
		Release|Any CPU = Release|Any CPU
	EndGlobalSection
	GlobalSection(ProjectConfigurationPlatforms) = postSolution
		{0059774C-3B21-4B27-87B7-F81F1B1904BE}.Debug|Any CPU.ActiveCfg = Debug|Any CPU
		{0059774C-3B21-4B27-87B7-F81F1B1904BE}.Debug|Any CPU.Build.0 = Debug|Any CPU
		{0059774C-3B21-4B27-87B7-F81F1B1904BE}.Release|Any CPU.ActiveCfg = Release|Any CPU
		{0059774C-3B21-4B27-87B7-F81F1B1904BE}.Release|Any CPU.Build.0 = Release|Any CPU
		{307A6440-A8AB-4163-A77C-DC49FF0A3310}.Debug|Any CPU.ActiveCfg = Debug|Any CPU
		{307A6440-A8AB-4163-A77C-DC49FF0A3310}.Debug|Any CPU.Build.0 = Debug|Any CPU
		{307A6440-A8AB-4163-A77C-DC49FF0A3310}.Release|Any CPU.ActiveCfg = Release|Any CPU
		{307A6440-A8AB-4163-A77C-DC49FF0A3310}.Release|Any CPU.Build.0 = Release|Any CPU
	EndGlobalSection
	GlobalSection(SolutionProperties) = preSolution
		HideSolutionNode = FALSE
	EndGlobalSection
	GlobalSection(ExtensibilityGlobals) = postSolution
		SolutionGuid = {D1614F50-87DD-42F7-95B9-675EFC775835}
	EndGlobalSection
EndGlobal
